
Microsoft Visual Studio Solution File, Format Version 12.00
# Visual Studio Version 17
VisualStudioVersion = 17.2.32630.192
MinimumVisualStudioVersion = 10.0.40219.1
Project("{9A19103F-16F7-4668-BE54-9A1E7A4F7556}") = "Internet_Shop_Kateryna", "Internet_Shop_Kateryna\Internet_Shop_Kateryna.csproj", "{040E31E1-BC4F-4DCE-8739-84AAE675E271}"
EndProject
Project("{9A19103F-16F7-4668-BE54-9A1E7A4F7556}") = "MVC-Kateryna", "MVC-Kateryna\MVC-Kateryna.csproj", "{10798159-1735-4A26-B453-F19A300635B9}"
EndProject
Project("{FAE04EC0-301F-11D3-BF4B-00C04F79EFBC}") = "AppContext", "AppContext\AppContext.csproj", "{2A11533F-0231-49AE-964C-7EFC62DE7E35}"
EndProject
Global
	GlobalSection(SolutionConfigurationPlatforms) = preSolution
		Debug|Any CPU = Debug|Any CPU
		Release|Any CPU = Release|Any CPU
	EndGlobalSection
	GlobalSection(ProjectConfigurationPlatforms) = postSolution
		{040E31E1-BC4F-4DCE-8739-84AAE675E271}.Debug|Any CPU.ActiveCfg = Debug|Any CPU
		{040E31E1-BC4F-4DCE-8739-84AAE675E271}.Debug|Any CPU.Build.0 = Debug|Any CPU
		{040E31E1-BC4F-4DCE-8739-84AAE675E271}.Release|Any CPU.ActiveCfg = Release|Any CPU
		{040E31E1-BC4F-4DCE-8739-84AAE675E271}.Release|Any CPU.Build.0 = Release|Any CPU
		{10798159-1735-4A26-B453-F19A300635B9}.Debug|Any CPU.ActiveCfg = Debug|Any CPU
		{10798159-1735-4A26-B453-F19A300635B9}.Debug|Any CPU.Build.0 = Debug|Any CPU
		{10798159-1735-4A26-B453-F19A300635B9}.Release|Any CPU.ActiveCfg = Release|Any CPU
		{10798159-1735-4A26-B453-F19A300635B9}.Release|Any CPU.Build.0 = Release|Any CPU
		{2A11533F-0231-49AE-964C-7EFC62DE7E35}.Debug|Any CPU.ActiveCfg = Debug|Any CPU
		{2A11533F-0231-49AE-964C-7EFC62DE7E35}.Debug|Any CPU.Build.0 = Debug|Any CPU
		{2A11533F-0231-49AE-964C-7EFC62DE7E35}.Release|Any CPU.ActiveCfg = Release|Any CPU
		{2A11533F-0231-49AE-964C-7EFC62DE7E35}.Release|Any CPU.Build.0 = Release|Any CPU
	EndGlobalSection
	GlobalSection(SolutionProperties) = preSolution
		HideSolutionNode = FALSE
	EndGlobalSection
	GlobalSection(ExtensibilityGlobals) = postSolution
		SolutionGuid = {19895468-9C15-4FC5-9925-6C219979C90B}
	EndGlobalSection
EndGlobal
